{
  "name": "client",
  "lockfileVersion": 3,
  "requires": true,
  "packages": {
    "..": {
      "name": "event_management_root",
      "version": "1.0.0",
      "extraneous": true,
      "hasInstallScript": true,
      "dependencies": {
        "cors": "^2.8.5"
      },
      "engines": {
        "node": ">=14.0.0"
      }
    }
  }
}
